
Microsoft Visual Studio Solution File, Format Version 12.00
# Visual Studio Version 17
VisualStudioVersion = 17.5.002.0
MinimumVisualStudioVersion = 10.0.40219.1
Project("{9A19103F-16F7-4668-BE54-9A1E7A4F7556}") = "EditorHtml", "EditorHtml.csproj", "{837B5C60-F5EA-49BA-95E8-E07602B73D70}"
EndProject
Global
	GlobalSection(SolutionConfigurationPlatforms) = preSolution
		Debug|Any CPU = Debug|Any CPU
		Release|Any CPU = Release|Any CPU
	EndGlobalSection
	GlobalSection(ProjectConfigurationPlatforms) = postSolution
		{837B5C60-F5EA-49BA-95E8-E07602B73D70}.Debug|Any CPU.ActiveCfg = Debug|Any CPU
		{837B5C60-F5EA-49BA-95E8-E07602B73D70}.Debug|Any CPU.Build.0 = Debug|Any CPU
		{837B5C60-F5EA-49BA-95E8-E07602B73D70}.Release|Any CPU.ActiveCfg = Release|Any CPU
		{837B5C60-F5EA-49BA-95E8-E07602B73D70}.Release|Any CPU.Build.0 = Release|Any CPU
	EndGlobalSection
	GlobalSection(SolutionProperties) = preSolution
		HideSolutionNode = FALSE
	EndGlobalSection
	GlobalSection(ExtensibilityGlobals) = postSolution
		SolutionGuid = {90AB9762-A6C3-49DA-8D16-7237D20313EA}
	EndGlobalSection
EndGlobal
